<?xml version="1.0" encoding="utf-8"?>
<Project ToolsVersion="4.0" xmlns="http://schemas.microsoft.com/developer/msbuild/2003">
  <ItemGroup>
    <Filter Include="Source Files">
      <UniqueIdentifier>{4FC737F1-C7A5-4376-A066-2A32D752A2FF}</UniqueIdentifier>
      <Extensions>cpp;c;cc;cxx;c++;cppm;ixx;def;odl;idl;hpj;bat;asm;asmx</Extensions>
    </Filter>
    <Filter Include="Header Files">
      <UniqueIdentifier>{93995380-89BD-4b04-88EB-625FBE52EBFB}</UniqueIdentifier>
      <Extensions>h;hh;hpp;hxx;h++;hm;inl;inc;ipp;xsd</Extensions>
    </Filter>
    <Filter Include="Resource Files">
      <UniqueIdentifier>{67DA6AB6-F800-4c08-8B7A-83BB121AAD01}</UniqueIdentifier>
      <Extensions>rc;ico;cur;bmp;dlg;rc2;rct;bin;rgs;gif;jpg;jpeg;jpe;resx;tiff;tif;png;wav;mfcribbon-ms</Extensions>
    </Filter>
    <Filter Include="Shaders">
      <UniqueIdentifier>{d9d83d2b-19e8-4089-9d79-f2b5453ff280}</UniqueIdentifier>
    </Filter>
  </ItemGroup>
  <ItemGroup>
    <ClCompile Include="main.cpp">
      <Filter>Source Files</Filter>
    </ClCompile>
    <ClCompile Include="Renderer.cpp">
      <Filter>Source Files</Filter>
    </ClCompile>
    <ClCompile Include="SunShaderVertex.glsl">
      <Filter>Shaders</Filter>
    </ClCompile>
    <ClCompile Include="SunShaderFragment.glsl">
      <Filter>Shaders</Filter>
    </ClCompile>
    <ClCompile Include="..\nclgl\Emitter.cpp">
      <Filter>Source Files</Filter>
    </ClCompile>
  </ItemGroup>
  <ItemGroup>
    <ClInclude Include="Renderer.h">
      <Filter>Header Files</Filter>
    </ClInclude>
    <ClInclude Include="waterStruct.h">
      <Filter>Header Files</Filter>
    </ClInclude>
    <ClInclude Include="..\nclgl\Emitter.h">
      <Filter>Header Files</Filter>
    </ClInclude>
    <ClInclude Include="..\nclgl\particle.h">
      <Filter>Header Files</Filter>
    </ClInclude>
  </ItemGroup>
  <ItemGroup>
    <None Include="..\Shaders\bufferFragment.glsl">
      <Filter>Shaders</Filter>
    </None>
    <None Include="..\Shaders\bumpVertex.glsl">
      <Filter>Shaders</Filter>
    </None>
    <None Include="..\Shaders\CombineFragment.glsl">
      <Filter>Shaders</Filter>
    </None>
    <None Include="..\Shaders\CombineVertex.glsl">
      <Filter>Shaders</Filter>
    </None>
    <None Include="..\Shaders\pointLightFragment.glsl">
      <Filter>Shaders</Filter>
    </None>
    <None Include="..\Shaders\pointLightVertex.glsl">
      <Filter>Shaders</Filter>
    </None>
    <None Include="..\Shaders\ShadowFragment.glsl">
      <Filter>Shaders</Filter>
    </None>
    <None Include="..\Shaders\ShadowVertex.glsl">
      <Filter>Shaders</Filter>
    </None>
    <None Include="..\Shaders\SkyboxFragment.glsl">
      <Filter>Shaders</Filter>
    </None>
    <None Include="..\Shaders\SkyboxVertex.glsl">
      <Filter>Shaders</Filter>
    </None>
    <None Include="..\Shaders\WaterFragment.glsl">
      <Filter>Shaders</Filter>
    </None>
    <None Include="..\Shaders\WaterVertex.glsl">
      <Filter>Shaders</Filter>
    </None>
    <None Include="..\Shaders\FireFragmentShader.glsl">
      <Filter>Shaders</Filter>
    </None>
    <None Include="..\Shaders\FireVertexShader.glsl">
      <Filter>Shaders</Filter>
    </None>
    <None Include="..\Shaders\SnowyEnvironmentFragment.glsl">
      <Filter>Shaders</Filter>
    </None>
    <None Include="..\Shaders\SnowyEnvironmentVertex.glsl">
      <Filter>Shaders</Filter>
    </None>
    <None Include="..\Shaders\TransitionShaderVertex.glsl">
      <Filter>Shaders</Filter>
    </None>
    <None Include="..\Shaders\FXAAFragment.glsl">
      <Filter>Shaders</Filter>
    </None>
    <None Include="..\Shaders\FXAAVertex.glsl">
      <Filter>Shaders</Filter>
    </None>
    <None Include="..\Shaders\SceneOutFragment.glsl">
      <Filter>Shaders</Filter>
    </None>
    <None Include="..\Shaders\SceneOutVertex.glsl">
      <Filter>Shaders</Filter>
    </None>
    <None Include="..\Shaders\TransitionShaderFragment.glsl">
      <Filter>Shaders</Filter>
    </None>
  </ItemGroup>
  <ItemGroup>
    <Text Include="Readme.txt" />
    <Text Include="License.txt" />
  </ItemGroup>
</Project>